{
  "nodes": {
    "home-manager": {
      "inputs": {
        "nixpkgs": "nixpkgs"
      },
      "locked": {
        "lastModified": 1745427103,
        "narHash": "sha256-J4v65MKoXt95nmCYr6a7Cdiyl9QmPp6u3+7aJ71zxbk=",
        "owner": "nix-community",
        "repo": "home-manager",
        "rev": "6d1f834ca63700604a96d8c38aa8ac272d95071a",
        "type": "github"
      },
      "original": {
        "id": "home-manager",
        "type": "indirect"
      }
    },
    "home-manger": {
      "inputs": {
        "nixpkgs": [
          "nixpkgs"
        ]
      },
      "locked": {
        "lastModified": 1745427103,
        "narHash": "sha256-J4v65MKoXt95nmCYr6a7Cdiyl9QmPp6u3+7aJ71zxbk=",
        "owner": "nix-community",
        "repo": "home-manager",
        "rev": "6d1f834ca63700604a96d8c38aa8ac272d95071a",
        "type": "github"
      },
      "original": {
        "owner": "nix-community",
        "ref": "master",
        "repo": "home-manager",
        "type": "github"
      }
    },
    "nixos-hardware": {
      "locked": {
        "lastModified": 1745391382,
        "narHash": "sha256-/mnFRZKlpsg37qMuSakrlVMLED+Zg83yWEpQzAvFYZE=",
        "owner": "AndreasZacchi",
        "repo": "nixos-hardware",
        "rev": "deda5023ed24557b678f50372b2e6846e4fd81ca",
        "type": "github"
      },
      "original": {
        "owner": "AndreasZacchi",
        "ref": "master",
        "repo": "nixos-hardware",
        "type": "github"
      }
    },
    "nixpkgs": {
      "locked": {
        "lastModified": 1745234285,
        "narHash": "sha256-GfpyMzxwkfgRVN0cTGQSkTC0OHhEkv3Jf6Tcjm//qZ0=",
        "owner": "NixOS",
        "repo": "nixpkgs",
        "rev": "c11863f1e964833214b767f4a369c6e6a7aba141",
        "type": "github"
      },
      "original": {
        "owner": "NixOS",
        "ref": "nixos-unstable",
        "repo": "nixpkgs",
        "type": "github"
      }
    },
    "nixpkgs_2": {
      "locked": {
        "lastModified": 1745234285,
        "narHash": "sha256-GfpyMzxwkfgRVN0cTGQSkTC0OHhEkv3Jf6Tcjm//qZ0=",
        "owner": "NixOS",
        "repo": "nixpkgs",
        "rev": "c11863f1e964833214b767f4a369c6e6a7aba141",
        "type": "github"
      },
      "original": {
        "owner": "NixOS",
        "ref": "nixos-unstable",
        "repo": "nixpkgs",
        "type": "github"
      }
    },
    "root": {
      "inputs": {
        "home-manager": "home-manager",
        "home-manger": "home-manger",
        "nixos-hardware": "nixos-hardware",
        "nixpkgs": "nixpkgs_2"
      }
    }
  },
  "root": "root",
  "version": 7
}
